
Microsoft Visual Studio Solution File, Format Version 12.00
# Visual Studio 14
VisualStudioVersion = 14.0.25420.1
MinimumVisualStudioVersion = 10.0.40219.1
Project("{FAE04EC0-301F-11D3-BF4B-00C04F79EFBC}") = "Square.OkIO", "..\..\binding\Square.OkIO\Square.OkIO.csproj", "{0ADBD990-1A61-4D2A-B1CD-E46AC63348BE}"
EndProject
Project("{FAE04EC0-301F-11D3-BF4B-00C04F79EFBC}") = "Square.OkHttp3", "..\..\binding\Square.OkHttp3\Square.OkHttp3.csproj", "{2DA76115-A022-4275-8119-FB9847254998}"
EndProject
Project("{FAE04EC0-301F-11D3-BF4B-00C04F79EFBC}") = "OkHttp3Sample", "OkHttp3Sample.csproj", "{006B4CA9-9FDF-4E1F-81CD-4C7175FCA4F4}"
EndProject
Global
	GlobalSection(SolutionConfigurationPlatforms) = preSolution
		Debug|Any CPU = Debug|Any CPU
		Release|Any CPU = Release|Any CPU
	EndGlobalSection
	GlobalSection(ProjectConfigurationPlatforms) = postSolution
		{0ADBD990-1A61-4D2A-B1CD-E46AC63348BE}.Debug|Any CPU.ActiveCfg = Debug|Any CPU
		{0ADBD990-1A61-4D2A-B1CD-E46AC63348BE}.Debug|Any CPU.Build.0 = Debug|Any CPU
		{0ADBD990-1A61-4D2A-B1CD-E46AC63348BE}.Release|Any CPU.ActiveCfg = Release|Any CPU
		{0ADBD990-1A61-4D2A-B1CD-E46AC63348BE}.Release|Any CPU.Build.0 = Release|Any CPU
		{2DA76115-A022-4275-8119-FB9847254998}.Debug|Any CPU.ActiveCfg = Debug|Any CPU
		{2DA76115-A022-4275-8119-FB9847254998}.Debug|Any CPU.Build.0 = Debug|Any CPU
		{2DA76115-A022-4275-8119-FB9847254998}.Release|Any CPU.ActiveCfg = Release|Any CPU
		{2DA76115-A022-4275-8119-FB9847254998}.Release|Any CPU.Build.0 = Release|Any CPU
		{006B4CA9-9FDF-4E1F-81CD-4C7175FCA4F4}.Debug|Any CPU.ActiveCfg = Debug|Any CPU
		{006B4CA9-9FDF-4E1F-81CD-4C7175FCA4F4}.Debug|Any CPU.Build.0 = Debug|Any CPU
		{006B4CA9-9FDF-4E1F-81CD-4C7175FCA4F4}.Debug|Any CPU.Deploy.0 = Debug|Any CPU
		{006B4CA9-9FDF-4E1F-81CD-4C7175FCA4F4}.Release|Any CPU.ActiveCfg = Release|Any CPU
		{006B4CA9-9FDF-4E1F-81CD-4C7175FCA4F4}.Release|Any CPU.Build.0 = Release|Any CPU
		{006B4CA9-9FDF-4E1F-81CD-4C7175FCA4F4}.Release|Any CPU.Deploy.0 = Release|Any CPU
	EndGlobalSection
	GlobalSection(SolutionProperties) = preSolution
		HideSolutionNode = FALSE
	EndGlobalSection
EndGlobal
