
Microsoft Visual Studio Solution File, Format Version 12.00
# Visual Studio 2012
VisualStudioVersion = 12.0.31101.0
MinimumVisualStudioVersion = 10.0.40219.1
Project("{FAE04EC0-301F-11D3-BF4B-00C04F79EFBC}") = "Square.Valet", "..\..\binding\Square.Valet\Square.Valet.csproj", "{14263AD2-F383-48A1-B15B-8B462A945E6D}"
EndProject
Project("{FAE04EC0-301F-11D3-BF4B-00C04F79EFBC}") = "ValetSample", "ValetSample.csproj", "{21F9DF2B-121A-4DC4-B3A6-ED178CD457BF}"
EndProject
Global
	GlobalSection(SolutionConfigurationPlatforms) = preSolution
		Debug|iPhoneSimulator = Debug|iPhoneSimulator
		Release|iPhone = Release|iPhone
		Release|iPhoneSimulator = Release|iPhoneSimulator
		Debug|iPhone = Debug|iPhone
	EndGlobalSection
	GlobalSection(ProjectConfigurationPlatforms) = postSolution
		{14263AD2-F383-48A1-B15B-8B462A945E6D}.Debug|iPhone.ActiveCfg = Debug|Any CPU
		{14263AD2-F383-48A1-B15B-8B462A945E6D}.Debug|iPhone.Build.0 = Debug|Any CPU
		{14263AD2-F383-48A1-B15B-8B462A945E6D}.Debug|iPhoneSimulator.ActiveCfg = Debug|Any CPU
		{14263AD2-F383-48A1-B15B-8B462A945E6D}.Debug|iPhoneSimulator.Build.0 = Debug|Any CPU
		{14263AD2-F383-48A1-B15B-8B462A945E6D}.Release|iPhone.ActiveCfg = Release|Any CPU
		{14263AD2-F383-48A1-B15B-8B462A945E6D}.Release|iPhone.Build.0 = Release|Any CPU
		{14263AD2-F383-48A1-B15B-8B462A945E6D}.Release|iPhoneSimulator.ActiveCfg = Release|Any CPU
		{14263AD2-F383-48A1-B15B-8B462A945E6D}.Release|iPhoneSimulator.Build.0 = Release|Any CPU
		{21F9DF2B-121A-4DC4-B3A6-ED178CD457BF}.Debug|iPhone.ActiveCfg = Debug|iPhone
		{21F9DF2B-121A-4DC4-B3A6-ED178CD457BF}.Debug|iPhone.Build.0 = Debug|iPhone
		{21F9DF2B-121A-4DC4-B3A6-ED178CD457BF}.Debug|iPhoneSimulator.ActiveCfg = Debug|iPhoneSimulator
		{21F9DF2B-121A-4DC4-B3A6-ED178CD457BF}.Debug|iPhoneSimulator.Build.0 = Debug|iPhoneSimulator
		{21F9DF2B-121A-4DC4-B3A6-ED178CD457BF}.Release|iPhone.ActiveCfg = Release|iPhone
		{21F9DF2B-121A-4DC4-B3A6-ED178CD457BF}.Release|iPhone.Build.0 = Release|iPhone
		{21F9DF2B-121A-4DC4-B3A6-ED178CD457BF}.Release|iPhoneSimulator.ActiveCfg = Release|iPhoneSimulator
		{21F9DF2B-121A-4DC4-B3A6-ED178CD457BF}.Release|iPhoneSimulator.Build.0 = Release|iPhoneSimulator
	EndGlobalSection
	GlobalSection(SolutionProperties) = preSolution
		HideSolutionNode = FALSE
	EndGlobalSection
EndGlobal
