
Microsoft Visual Studio Solution File, Format Version 12.00
# Visual Studio 14
VisualStudioVersion = 14.0.23107.0
MinimumVisualStudioVersion = 10.0.40219.1
Project("{FAE04EC0-301F-11D3-BF4B-00C04F79EFBC}") = "Square.SocketRocket", "Square.SocketRocket\Square.SocketRocket.csproj", "{9A837ED0-26ED-4483-87AA-4897B54C54D8}"
EndProject
Project("{FAE04EC0-301F-11D3-BF4B-00C04F79EFBC}") = "Square.Valet", "Square.Valet\Square.Valet.csproj", "{14263AD2-F383-48A1-B15B-8B462A945E6D}"
EndProject
Project("{FAE04EC0-301F-11D3-BF4B-00C04F79EFBC}") = "Square.Aardvark", "Square.Aardvark\Square.Aardvark.csproj", "{A6D2CC86-74BA-4C7C-B444-D203B1B73293}"
EndProject
Project("{FAE04EC0-301F-11D3-BF4B-00C04F79EFBC}") = "Square.SocketRocket-OSX", "Square.SocketRocket-OSX\Square.SocketRocket-OSX.csproj", "{777757E5-DD1E-42D5-8D9E-F0E38C854E66}"
EndProject
Project("{FAE04EC0-301F-11D3-BF4B-00C04F79EFBC}") = "Square.SocketRocket-TVOS", "Square.SocketRocket-TVOS\Square.SocketRocket-TVOS.csproj", "{DC846DEE-E019-441B-908A-8C56529714A5}"
EndProject
Global
	GlobalSection(SolutionConfigurationPlatforms) = preSolution
		Debug|Any CPU = Debug|Any CPU
		Release|Any CPU = Release|Any CPU
	EndGlobalSection
	GlobalSection(ProjectConfigurationPlatforms) = postSolution
		{9A837ED0-26ED-4483-87AA-4897B54C54D8}.Debug|Any CPU.ActiveCfg = Debug|Any CPU
		{9A837ED0-26ED-4483-87AA-4897B54C54D8}.Debug|Any CPU.Build.0 = Debug|Any CPU
		{9A837ED0-26ED-4483-87AA-4897B54C54D8}.Release|Any CPU.ActiveCfg = Release|Any CPU
		{9A837ED0-26ED-4483-87AA-4897B54C54D8}.Release|Any CPU.Build.0 = Release|Any CPU
		{14263AD2-F383-48A1-B15B-8B462A945E6D}.Debug|Any CPU.ActiveCfg = Debug|Any CPU
		{14263AD2-F383-48A1-B15B-8B462A945E6D}.Debug|Any CPU.Build.0 = Debug|Any CPU
		{14263AD2-F383-48A1-B15B-8B462A945E6D}.Release|Any CPU.ActiveCfg = Release|Any CPU
		{14263AD2-F383-48A1-B15B-8B462A945E6D}.Release|Any CPU.Build.0 = Release|Any CPU
		{A6D2CC86-74BA-4C7C-B444-D203B1B73293}.Debug|Any CPU.ActiveCfg = Debug|Any CPU
		{A6D2CC86-74BA-4C7C-B444-D203B1B73293}.Debug|Any CPU.Build.0 = Debug|Any CPU
		{A6D2CC86-74BA-4C7C-B444-D203B1B73293}.Release|Any CPU.ActiveCfg = Release|Any CPU
		{A6D2CC86-74BA-4C7C-B444-D203B1B73293}.Release|Any CPU.Build.0 = Release|Any CPU
		{777757E5-DD1E-42D5-8D9E-F0E38C854E66}.Debug|Any CPU.ActiveCfg = Debug|Any CPU
		{777757E5-DD1E-42D5-8D9E-F0E38C854E66}.Debug|Any CPU.Build.0 = Debug|Any CPU
		{777757E5-DD1E-42D5-8D9E-F0E38C854E66}.Release|Any CPU.ActiveCfg = Release|Any CPU
		{777757E5-DD1E-42D5-8D9E-F0E38C854E66}.Release|Any CPU.Build.0 = Release|Any CPU
		{DC846DEE-E019-441B-908A-8C56529714A5}.Debug|Any CPU.ActiveCfg = Debug|Any CPU
		{DC846DEE-E019-441B-908A-8C56529714A5}.Debug|Any CPU.Build.0 = Debug|Any CPU
		{DC846DEE-E019-441B-908A-8C56529714A5}.Release|Any CPU.ActiveCfg = Release|Any CPU
		{DC846DEE-E019-441B-908A-8C56529714A5}.Release|Any CPU.Build.0 = Release|Any CPU
	EndGlobalSection
	GlobalSection(SolutionProperties) = preSolution
		HideSolutionNode = FALSE
	EndGlobalSection
EndGlobal
