
Microsoft Visual Studio Solution File, Format Version 12.00
# Visual Studio 2012
VisualStudioVersion = 12.0.31101.0
MinimumVisualStudioVersion = 10.0.40219.1
Project("{FAE04EC0-301F-11D3-BF4B-00C04F79EFBC}") = "SocketRocketSample", "SocketRocketSample.csproj", "{94DB3D51-DDB7-4A6A-BDE7-417A2466A556}"
EndProject
Project("{FAE04EC0-301F-11D3-BF4B-00C04F79EFBC}") = "Square.SocketRocket", "..\..\binding\Square.SocketRocket\Square.SocketRocket.csproj", "{9A837ED0-26ED-4483-87AA-4897B54C54D8}"
EndProject
Global
	GlobalSection(SolutionConfigurationPlatforms) = preSolution
		Debug|iPhoneSimulator = Debug|iPhoneSimulator
		Release|iPhone = Release|iPhone
		Release|iPhoneSimulator = Release|iPhoneSimulator
		Debug|iPhone = Debug|iPhone
	EndGlobalSection
	GlobalSection(ProjectConfigurationPlatforms) = postSolution
		{94DB3D51-DDB7-4A6A-BDE7-417A2466A556}.Debug|iPhone.ActiveCfg = Debug|iPhone
		{94DB3D51-DDB7-4A6A-BDE7-417A2466A556}.Debug|iPhone.Build.0 = Debug|iPhone
		{94DB3D51-DDB7-4A6A-BDE7-417A2466A556}.Debug|iPhoneSimulator.ActiveCfg = Debug|iPhoneSimulator
		{94DB3D51-DDB7-4A6A-BDE7-417A2466A556}.Debug|iPhoneSimulator.Build.0 = Debug|iPhoneSimulator
		{94DB3D51-DDB7-4A6A-BDE7-417A2466A556}.Release|iPhone.ActiveCfg = Release|iPhone
		{94DB3D51-DDB7-4A6A-BDE7-417A2466A556}.Release|iPhone.Build.0 = Release|iPhone
		{94DB3D51-DDB7-4A6A-BDE7-417A2466A556}.Release|iPhoneSimulator.ActiveCfg = Release|iPhoneSimulator
		{94DB3D51-DDB7-4A6A-BDE7-417A2466A556}.Release|iPhoneSimulator.Build.0 = Release|iPhoneSimulator
		{9A837ED0-26ED-4483-87AA-4897B54C54D8}.Debug|iPhone.ActiveCfg = Debug|Any CPU
		{9A837ED0-26ED-4483-87AA-4897B54C54D8}.Debug|iPhone.Build.0 = Debug|Any CPU
		{9A837ED0-26ED-4483-87AA-4897B54C54D8}.Debug|iPhoneSimulator.ActiveCfg = Debug|Any CPU
		{9A837ED0-26ED-4483-87AA-4897B54C54D8}.Debug|iPhoneSimulator.Build.0 = Debug|Any CPU
		{9A837ED0-26ED-4483-87AA-4897B54C54D8}.Release|iPhone.ActiveCfg = Release|Any CPU
		{9A837ED0-26ED-4483-87AA-4897B54C54D8}.Release|iPhone.Build.0 = Release|Any CPU
		{9A837ED0-26ED-4483-87AA-4897B54C54D8}.Release|iPhoneSimulator.ActiveCfg = Release|Any CPU
		{9A837ED0-26ED-4483-87AA-4897B54C54D8}.Release|iPhoneSimulator.Build.0 = Release|Any CPU
	EndGlobalSection
	GlobalSection(SolutionProperties) = preSolution
		HideSolutionNode = FALSE
	EndGlobalSection
EndGlobal
